// !$*UTF8*$!
{
	archiveVersion = 1;
	classes = {
	};
	objectVersion = 55;
	objects = {

/* Begin PBXBuildFile section */
		144ADDE2282E4F2A006EEF25 /* Market+CoreDataClass.swift in Sources */ = {isa = PBXBuildFile; fileRef = 144ADDDE282E4F2A006EEF25 /* Market+CoreDataClass.swift */; };
		144ADDE3282E4F2A006EEF25 /* Market+CoreDataProperties.swift in Sources */ = {isa = PBXBuildFile; fileRef = 144ADDDF282E4F2A006EEF25 /* Market+CoreDataProperties.swift */; };
		144ADDE4282E4F2A006EEF25 /* Item+CoreDataClass.swift in Sources */ = {isa = PBXBuildFile; fileRef = 144ADDE0282E4F2A006EEF25 /* Item+CoreDataClass.swift */; };
		144ADDE5282E4F2A006EEF25 /* Item+CoreDataProperties.swift in Sources */ = {isa = PBXBuildFile; fileRef = 144ADDE1282E4F2A006EEF25 /* Item+CoreDataProperties.swift */; };
		1492411C282CE122008C1568 /* SF-Pro-Rounded-Semibold.otf in Resources */ = {isa = PBXBuildFile; fileRef = 1492411B282CE122008C1568 /* SF-Pro-Rounded-Semibold.otf */; };
		1492411E282CE15E008C1568 /* SF-Pro-Rounded-Bold.otf in Resources */ = {isa = PBXBuildFile; fileRef = 1492411D282CE15E008C1568 /* SF-Pro-Rounded-Bold.otf */; };
		14924121282CE182008C1568 /* SF-Pro-Rounded-Regular.otf in Resources */ = {isa = PBXBuildFile; fileRef = 14924120282CE182008C1568 /* SF-Pro-Rounded-Regular.otf */; };
		1492412C282CF0A3008C1568 /* TableViewCell.swift in Sources */ = {isa = PBXBuildFile; fileRef = 1492412A282CF0A3008C1568 /* TableViewCell.swift */; };
		1492412D282CF0A3008C1568 /* TableViewCell.xib in Resources */ = {isa = PBXBuildFile; fileRef = 1492412B282CF0A3008C1568 /* TableViewCell.xib */; };
		14924130282CF65E008C1568 /* AddFormController.swift in Sources */ = {isa = PBXBuildFile; fileRef = 1492412F282CF65E008C1568 /* AddFormController.swift */; };
		149F6077282BF34A0060060F /* AppDelegate.swift in Sources */ = {isa = PBXBuildFile; fileRef = 149F6076282BF34A0060060F /* AppDelegate.swift */; };
		149F6079282BF34A0060060F /* SceneDelegate.swift in Sources */ = {isa = PBXBuildFile; fileRef = 149F6078282BF34A0060060F /* SceneDelegate.swift */; };
		149F607B282BF34A0060060F /* ViewController.swift in Sources */ = {isa = PBXBuildFile; fileRef = 149F607A282BF34A0060060F /* ViewController.swift */; };
		149F607E282BF34A0060060F /* Main.storyboard in Resources */ = {isa = PBXBuildFile; fileRef = 149F607C282BF34A0060060F /* Main.storyboard */; };
		149F6081282BF34A0060060F /* ShoppingList_Bridge2Sharing.xcdatamodeld in Sources */ = {isa = PBXBuildFile; fileRef = 149F607F282BF34A0060060F /* ShoppingList_Bridge2Sharing.xcdatamodeld */; };
		149F6083282BF34C0060060F /* Assets.xcassets in Resources */ = {isa = PBXBuildFile; fileRef = 149F6082282BF34C0060060F /* Assets.xcassets */; };
		149F6086282BF34C0060060F /* LaunchScreen.storyboard in Resources */ = {isa = PBXBuildFile; fileRef = 149F6084282BF34C0060060F /* LaunchScreen.storyboard */; };
/* End PBXBuildFile section */

/* Begin PBXFileReference section */
		144ADDDE282E4F2A006EEF25 /* Market+CoreDataClass.swift */ = {isa = PBXFileReference; lastKnownFileType = sourcecode.swift; path = "Market+CoreDataClass.swift"; sourceTree = "<group>"; };
		144ADDDF282E4F2A006EEF25 /* Market+CoreDataProperties.swift */ = {isa = PBXFileReference; lastKnownFileType = sourcecode.swift; path = "Market+CoreDataProperties.swift"; sourceTree = "<group>"; };
		144ADDE0282E4F2A006EEF25 /* Item+CoreDataClass.swift */ = {isa = PBXFileReference; lastKnownFileType = sourcecode.swift; path = "Item+CoreDataClass.swift"; sourceTree = "<group>"; };
		144ADDE1282E4F2A006EEF25 /* Item+CoreDataProperties.swift */ = {isa = PBXFileReference; lastKnownFileType = sourcecode.swift; path = "Item+CoreDataProperties.swift"; sourceTree = "<group>"; };
		1492411B282CE122008C1568 /* SF-Pro-Rounded-Semibold.otf */ = {isa = PBXFileReference; lastKnownFileType = file; path = "SF-Pro-Rounded-Semibold.otf"; sourceTree = "<group>"; };
		1492411D282CE15E008C1568 /* SF-Pro-Rounded-Bold.otf */ = {isa = PBXFileReference; lastKnownFileType = file; path = "SF-Pro-Rounded-Bold.otf"; sourceTree = "<group>"; };
		1492411F282CE175008C1568 /* SF-Pro-Rounded-Light.otf */ = {isa = PBXFileReference; lastKnownFileType = file; path = "SF-Pro-Rounded-Light.otf"; sourceTree = "<group>"; };
		14924120282CE182008C1568 /* SF-Pro-Rounded-Regular.otf */ = {isa = PBXFileReference; lastKnownFileType = file; path = "SF-Pro-Rounded-Regular.otf"; sourceTree = "<group>"; };
		1492412A282CF0A3008C1568 /* TableViewCell.swift */ = {isa = PBXFileReference; lastKnownFileType = sourcecode.swift; path = TableViewCell.swift; sourceTree = "<group>"; };
		1492412B282CF0A3008C1568 /* TableViewCell.xib */ = {isa = PBXFileReference; lastKnownFileType = file.xib; path = TableViewCell.xib; sourceTree = "<group>"; };
		1492412F282CF65E008C1568 /* AddFormController.swift */ = {isa = PBXFileReference; lastKnownFileType = sourcecode.swift; path = AddFormController.swift; sourceTree = "<group>"; };
		149F6073282BF34A0060060F /* ShoppingList_Bridge2Sharing.app */ = {isa = PBXFileReference; explicitFileType = wrapper.application; includeInIndex = 0; path = ShoppingList_Bridge2Sharing.app; sourceTree = BUILT_PRODUCTS_DIR; };
		149F6076282BF34A0060060F /* AppDelegate.swift */ = {isa = PBXFileReference; lastKnownFileType = sourcecode.swift; path = AppDelegate.swift; sourceTree = "<group>"; };
		149F6078282BF34A0060060F /* SceneDelegate.swift */ = {isa = PBXFileReference; lastKnownFileType = sourcecode.swift; path = SceneDelegate.swift; sourceTree = "<group>"; };
		149F607A282BF34A0060060F /* ViewController.swift */ = {isa = PBXFileReference; lastKnownFileType = sourcecode.swift; path = ViewController.swift; sourceTree = "<group>"; };
		149F607D282BF34A0060060F /* Base */ = {isa = PBXFileReference; lastKnownFileType = file.storyboard; name = Base; path = Base.lproj/Main.storyboard; sourceTree = "<group>"; };
		149F6080282BF34A0060060F /* ShoppingList_Bridge2Sharing.xcdatamodel */ = {isa = PBXFileReference; lastKnownFileType = wrapper.xcdatamodel; path = ShoppingList_Bridge2Sharing.xcdatamodel; sourceTree = "<group>"; };
		149F6082282BF34C0060060F /* Assets.xcassets */ = {isa = PBXFileReference; lastKnownFileType = folder.assetcatalog; path = Assets.xcassets; sourceTree = "<group>"; };
		149F6085282BF34C0060060F /* Base */ = {isa = PBXFileReference; lastKnownFileType = file.storyboard; name = Base; path = Base.lproj/LaunchScreen.storyboard; sourceTree = "<group>"; };
		149F6087282BF34C0060060F /* Info.plist */ = {isa = PBXFileReference; lastKnownFileType = text.plist.xml; path = Info.plist; sourceTree = "<group>"; };
/* End PBXFileReference section */

/* Begin PBXFrameworksBuildPhase section */
		149F6070282BF34A0060060F /* Frameworks */ = {
			isa = PBXFrameworksBuildPhase;
			buildActionMask = 2147483647;
			files = (
			);
			runOnlyForDeploymentPostprocessing = 0;
		};
/* End PBXFrameworksBuildPhase section */

/* Begin PBXGroup section */
		14924113282CC487008C1568 /* Model */ = {
			isa = PBXGroup;
			children = (
				144ADDDE282E4F2A006EEF25 /* Market+CoreDataClass.swift */,
				144ADDDF282E4F2A006EEF25 /* Market+CoreDataProperties.swift */,
				144ADDE0282E4F2A006EEF25 /* Item+CoreDataClass.swift */,
				144ADDE1282E4F2A006EEF25 /* Item+CoreDataProperties.swift */,
			);
			path = Model;
			sourceTree = "<group>";
		};
		14924114282CDFF5008C1568 /* Fonts */ = {
			isa = PBXGroup;
			children = (
				1492411F282CE175008C1568 /* SF-Pro-Rounded-Light.otf */,
				14924120282CE182008C1568 /* SF-Pro-Rounded-Regular.otf */,
				1492411D282CE15E008C1568 /* SF-Pro-Rounded-Bold.otf */,
				1492411B282CE122008C1568 /* SF-Pro-Rounded-Semibold.otf */,
			);
			path = Fonts;
			sourceTree = "<group>";
		};
		1492412E282CF0AE008C1568 /* TableViewCell */ = {
			isa = PBXGroup;
			children = (
				1492412A282CF0A3008C1568 /* TableViewCell.swift */,
				1492412B282CF0A3008C1568 /* TableViewCell.xib */,
			);
			name = TableViewCell;
			path = Fonts/TableViewCell;
			sourceTree = "<group>";
		};
		14924131282CF666008C1568 /* ViewController */ = {
			isa = PBXGroup;
			children = (
				149F607A282BF34A0060060F /* ViewController.swift */,
				1492412F282CF65E008C1568 /* AddFormController.swift */,
			);
			path = ViewController;
			sourceTree = "<group>";
		};
		149F606A282BF34A0060060F = {
			isa = PBXGroup;
			children = (
				149F6075282BF34A0060060F /* ShoppingList_Bridge2Sharing */,
				149F6074282BF34A0060060F /* Products */,
			);
			sourceTree = "<group>";
		};
		149F6074282BF34A0060060F /* Products */ = {
			isa = PBXGroup;
			children = (
				149F6073282BF34A0060060F /* ShoppingList_Bridge2Sharing.app */,
			);
			name = Products;
			sourceTree = "<group>";
		};
		149F6075282BF34A0060060F /* ShoppingList_Bridge2Sharing */ = {
			isa = PBXGroup;
			children = (
				14924113282CC487008C1568 /* Model */,
				1492412E282CF0AE008C1568 /* TableViewCell */,
				14924114282CDFF5008C1568 /* Fonts */,
				149F6076282BF34A0060060F /* AppDelegate.swift */,
				149F6078282BF34A0060060F /* SceneDelegate.swift */,
				14924131282CF666008C1568 /* ViewController */,
				149F607C282BF34A0060060F /* Main.storyboard */,
				149F6082282BF34C0060060F /* Assets.xcassets */,
				149F6084282BF34C0060060F /* LaunchScreen.storyboard */,
				149F6087282BF34C0060060F /* Info.plist */,
				149F607F282BF34A0060060F /* ShoppingList_Bridge2Sharing.xcdatamodeld */,
			);
			path = ShoppingList_Bridge2Sharing;
			sourceTree = "<group>";
		};
/* End PBXGroup section */

/* Begin PBXNativeTarget section */
		149F6072282BF34A0060060F /* ShoppingList_Bridge2Sharing */ = {
			isa = PBXNativeTarget;
			buildConfigurationList = 149F608A282BF34C0060060F /* Build configuration list for PBXNativeTarget "ShoppingList_Bridge2Sharing" */;
			buildPhases = (
				149F606F282BF34A0060060F /* Sources */,
				149F6070282BF34A0060060F /* Frameworks */,
				149F6071282BF34A0060060F /* Resources */,
			);
			buildRules = (
			);
			dependencies = (
			);
			name = ShoppingList_Bridge2Sharing;
			productName = ShoppingList_Bridge2Sharing;
			productReference = 149F6073282BF34A0060060F /* ShoppingList_Bridge2Sharing.app */;
			productType = "com.apple.product-type.application";
		};
/* End PBXNativeTarget section */

/* Begin PBXProject section */
		149F606B282BF34A0060060F /* Project object */ = {
			isa = PBXProject;
			attributes = {
				BuildIndependentTargetsInParallel = 1;
				LastSwiftUpdateCheck = 1330;
				LastUpgradeCheck = 1330;
				TargetAttributes = {
					149F6072282BF34A0060060F = {
						CreatedOnToolsVersion = 13.3;
					};
				};
			};
			buildConfigurationList = 149F606E282BF34A0060060F /* Build configuration list for PBXProject "ShoppingList_Bridge2Sharing" */;
			compatibilityVersion = "Xcode 13.0";
			developmentRegion = en;
			hasScannedForEncodings = 0;
			knownRegions = (
				en,
				Base,
			);
			mainGroup = 149F606A282BF34A0060060F;
			productRefGroup = 149F6074282BF34A0060060F /* Products */;
			projectDirPath = "";
			projectRoot = "";
			targets = (
				149F6072282BF34A0060060F /* ShoppingList_Bridge2Sharing */,
			);
		};
/* End PBXProject section */

/* Begin PBXResourcesBuildPhase section */
		149F6071282BF34A0060060F /* Resources */ = {
			isa = PBXResourcesBuildPhase;
			buildActionMask = 2147483647;
			files = (
				149F6086282BF34C0060060F /* LaunchScreen.storyboard in Resources */,
				149F6083282BF34C0060060F /* Assets.xcassets in Resources */,
				1492412D282CF0A3008C1568 /* TableViewCell.xib in Resources */,
				149F607E282BF34A0060060F /* Main.storyboard in Resources */,
				1492411C282CE122008C1568 /* SF-Pro-Rounded-Semibold.otf in Resources */,
				1492411E282CE15E008C1568 /* SF-Pro-Rounded-Bold.otf in Resources */,
				14924121282CE182008C1568 /* SF-Pro-Rounded-Regular.otf in Resources */,
			);
			runOnlyForDeploymentPostprocessing = 0;
		};
/* End PBXResourcesBuildPhase section */

/* Begin PBXSourcesBuildPhase section */
		149F606F282BF34A0060060F /* Sources */ = {
			isa = PBXSourcesBuildPhase;
			buildActionMask = 2147483647;
			files = (
				149F607B282BF34A0060060F /* ViewController.swift in Sources */,
				144ADDE3282E4F2A006EEF25 /* Market+CoreDataProperties.swift in Sources */,
				1492412C282CF0A3008C1568 /* TableViewCell.swift in Sources */,
				144ADDE4282E4F2A006EEF25 /* Item+CoreDataClass.swift in Sources */,
				144ADDE5282E4F2A006EEF25 /* Item+CoreDataProperties.swift in Sources */,
				149F6077282BF34A0060060F /* AppDelegate.swift in Sources */,
				149F6081282BF34A0060060F /* ShoppingList_Bridge2Sharing.xcdatamodeld in Sources */,
				14924130282CF65E008C1568 /* AddFormController.swift in Sources */,
				149F6079282BF34A0060060F /* SceneDelegate.swift in Sources */,
				144ADDE2282E4F2A006EEF25 /* Market+CoreDataClass.swift in Sources */,
			);
			runOnlyForDeploymentPostprocessing = 0;
		};
/* End PBXSourcesBuildPhase section */

/* Begin PBXVariantGroup section */
		149F607C282BF34A0060060F /* Main.storyboard */ = {
			isa = PBXVariantGroup;
			children = (
				149F607D282BF34A0060060F /* Base */,
			);
			name = Main.storyboard;
			sourceTree = "<group>";
		};
		149F6084282BF34C0060060F /* LaunchScreen.storyboard */ = {
			isa = PBXVariantGroup;
			children = (
				149F6085282BF34C0060060F /* Base */,
			);
			name = LaunchScreen.storyboard;
			sourceTree = "<group>";
		};
/* End PBXVariantGroup section */

/* Begin XCBuildConfiguration section */
		149F6088282BF34C0060060F /* Debug */ = {
			isa = XCBuildConfiguration;
			buildSettings = {
				ALWAYS_SEARCH_USER_PATHS = NO;
				CLANG_ANALYZER_NONNULL = YES;
				CLANG_ANALYZER_NUMBER_OBJECT_CONVERSION = YES_AGGRESSIVE;
				CLANG_CXX_LANGUAGE_STANDARD = "gnu++17";
				CLANG_ENABLE_MODULES = YES;
				CLANG_ENABLE_OBJC_ARC = YES;
				CLANG_ENABLE_OBJC_WEAK = YES;
				CLANG_WARN_BLOCK_CAPTURE_AUTORELEASING = YES;
				CLANG_WARN_BOOL_CONVERSION = YES;
				CLANG_WARN_COMMA = YES;
				CLANG_WARN_CONSTANT_CONVERSION = YES;
				CLANG_WARN_DEPRECATED_OBJC_IMPLEMENTATIONS = YES;
				CLANG_WARN_DIRECT_OBJC_ISA_USAGE = YES_ERROR;
				CLANG_WARN_DOCUMENTATION_COMMENTS = YES;
				CLANG_WARN_EMPTY_BODY = YES;
				CLANG_WARN_ENUM_CONVERSION = YES;
				CLANG_WARN_INFINITE_RECURSION = YES;
				CLANG_WARN_INT_CONVERSION = YES;
				CLANG_WARN_NON_LITERAL_NULL_CONVERSION = YES;
				CLANG_WARN_OBJC_IMPLICIT_RETAIN_SELF = YES;
				CLANG_WARN_OBJC_LITERAL_CONVERSION = YES;
				CLANG_WARN_OBJC_ROOT_CLASS = YES_ERROR;
				CLANG_WARN_QUOTED_INCLUDE_IN_FRAMEWORK_HEADER = YES;
				CLANG_WARN_RANGE_LOOP_ANALYSIS = YES;
				CLANG_WARN_STRICT_PROTOTYPES = YES;
				CLANG_WARN_SUSPICIOUS_MOVE = YES;
				CLANG_WARN_UNGUARDED_AVAILABILITY = YES_AGGRESSIVE;
				CLANG_WARN_UNREACHABLE_CODE = YES;
				CLANG_WARN__DUPLICATE_METHOD_MATCH = YES;
				COPY_PHASE_STRIP = NO;
				DEBUG_INFORMATION_FORMAT = dwarf;
				ENABLE_STRICT_OBJC_MSGSEND = YES;
				ENABLE_TESTABILITY = YES;
				GCC_C_LANGUAGE_STANDARD = gnu11;
				GCC_DYNAMIC_NO_PIC = NO;
				GCC_NO_COMMON_BLOCKS = YES;
				GCC_OPTIMIZATION_LEVEL = 0;
				GCC_PREPROCESSOR_DEFINITIONS = (
					"DEBUG=1",
					"$(inherited)",
				);
				GCC_WARN_64_TO_32_BIT_CONVERSION = YES;
				GCC_WARN_ABOUT_RETURN_TYPE = YES_ERROR;
				GCC_WARN_UNDECLARED_SELECTOR = YES;
				GCC_WARN_UNINITIALIZED_AUTOS = YES_AGGRESSIVE;
				GCC_WARN_UNUSED_FUNCTION = YES;
				GCC_WARN_UNUSED_VARIABLE = YES;
				IPHONEOS_DEPLOYMENT_TARGET = 15.4;
				MTL_ENABLE_DEBUG_INFO = INCLUDE_SOURCE;
				MTL_FAST_MATH = YES;
				ONLY_ACTIVE_ARCH = YES;
				SDKROOT = iphoneos;
				SWIFT_ACTIVE_COMPILATION_CONDITIONS = DEBUG;
				SWIFT_OPTIMIZATION_LEVEL = "-Onone";
			};
			name = Debug;
		};
		149F6089282BF34C0060060F /* Release */ = {
			isa = XCBuildConfiguration;
			buildSettings = {
				ALWAYS_SEARCH_USER_PATHS = NO;
				CLANG_ANALYZER_NONNULL = YES;
				CLANG_ANALYZER_NUMBER_OBJECT_CONVERSION = YES_AGGRESSIVE;
				CLANG_CXX_LANGUAGE_STANDARD = "gnu++17";
				CLANG_ENABLE_MODULES = YES;
				CLANG_ENABLE_OBJC_ARC = YES;
				CLANG_ENABLE_OBJC_WEAK = YES;
				CLANG_WARN_BLOCK_CAPTURE_AUTORELEASING = YES;
				CLANG_WARN_BOOL_CONVERSION = YES;
				CLANG_WARN_COMMA = YES;
				CLANG_WARN_CONSTANT_CONVERSION = YES;
				CLANG_WARN_DEPRECATED_OBJC_IMPLEMENTATIONS = YES;
				CLANG_WARN_DIRECT_OBJC_ISA_USAGE = YES_ERROR;
				CLANG_WARN_DOCUMENTATION_COMMENTS = YES;
				CLANG_WARN_EMPTY_BODY = YES;
				CLANG_WARN_ENUM_CONVERSION = YES;
				CLANG_WARN_INFINITE_RECURSION = YES;
				CLANG_WARN_INT_CONVERSION = YES;
				CLANG_WARN_NON_LITERAL_NULL_CONVERSION = YES;
				CLANG_WARN_OBJC_IMPLICIT_RETAIN_SELF = YES;
				CLANG_WARN_OBJC_LITERAL_CONVERSION = YES;
				CLANG_WARN_OBJC_ROOT_CLASS = YES_ERROR;
				CLANG_WARN_QUOTED_INCLUDE_IN_FRAMEWORK_HEADER = YES;
				CLANG_WARN_RANGE_LOOP_ANALYSIS = YES;
				CLANG_WARN_STRICT_PROTOTYPES = YES;
				CLANG_WARN_SUSPICIOUS_MOVE = YES;
				CLANG_WARN_UNGUARDED_AVAILABILITY = YES_AGGRESSIVE;
				CLANG_WARN_UNREACHABLE_CODE = YES;
				CLANG_WARN__DUPLICATE_METHOD_MATCH = YES;
				COPY_PHASE_STRIP = NO;
				DEBUG_INFORMATION_FORMAT = "dwarf-with-dsym";
				ENABLE_NS_ASSERTIONS = NO;
				ENABLE_STRICT_OBJC_MSGSEND = YES;
				GCC_C_LANGUAGE_STANDARD = gnu11;
				GCC_NO_COMMON_BLOCKS = YES;
				GCC_WARN_64_TO_32_BIT_CONVERSION = YES;
				GCC_WARN_ABOUT_RETURN_TYPE = YES_ERROR;
				GCC_WARN_UNDECLARED_SELECTOR = YES;
				GCC_WARN_UNINITIALIZED_AUTOS = YES_AGGRESSIVE;
				GCC_WARN_UNUSED_FUNCTION = YES;
				GCC_WARN_UNUSED_VARIABLE = YES;
				IPHONEOS_DEPLOYMENT_TARGET = 15.4;
				MTL_ENABLE_DEBUG_INFO = NO;
				MTL_FAST_MATH = YES;
				SDKROOT = iphoneos;
				SWIFT_COMPILATION_MODE = wholemodule;
				SWIFT_OPTIMIZATION_LEVEL = "-O";
				VALIDATE_PRODUCT = YES;
			};
			name = Release;
		};
		149F608B282BF34C0060060F /* Debug */ = {
			isa = XCBuildConfiguration;
			buildSettings = {
				ASSETCATALOG_COMPILER_APPICON_NAME = AppIcon;
				ASSETCATALOG_COMPILER_GLOBAL_ACCENT_COLOR_NAME = AccentColor;
				CODE_SIGN_STYLE = Automatic;
				CURRENT_PROJECT_VERSION = 1;
				DEVELOPMENT_TEAM = 4C96B7697Z;
				GENERATE_INFOPLIST_FILE = YES;
				INFOPLIST_FILE = ShoppingList_Bridge2Sharing/Info.plist;
				INFOPLIST_KEY_UIApplicationSupportsIndirectInputEvents = YES;
				INFOPLIST_KEY_UILaunchStoryboardName = LaunchScreen;
				INFOPLIST_KEY_UIMainStoryboardFile = Main;
				INFOPLIST_KEY_UISupportedInterfaceOrientations_iPad = "UIInterfaceOrientationPortrait UIInterfaceOrientationPortraitUpsideDown UIInterfaceOrientationLandscapeLeft UIInterfaceOrientationLandscapeRight";
				INFOPLIST_KEY_UISupportedInterfaceOrientations_iPhone = "UIInterfaceOrientationPortrait UIInterfaceOrientationLandscapeLeft UIInterfaceOrientationLandscapeRight";
				LD_RUNPATH_SEARCH_PATHS = (
					"$(inherited)",
					"@executable_path/Frameworks",
				);
				MARKETING_VERSION = 1.0;
				PRODUCT_BUNDLE_IDENTIFIER = "com.tutorial.ShoppingList-Bridge2Sharing";
				PRODUCT_NAME = "$(TARGET_NAME)";
				SWIFT_EMIT_LOC_STRINGS = YES;
				SWIFT_VERSION = 5.0;
				TARGETED_DEVICE_FAMILY = "1,2";
			};
			name = Debug;
		};
		149F608C282BF34C0060060F /* Release */ = {
			isa = XCBuildConfiguration;
			buildSettings = {
				ASSETCATALOG_COMPILER_APPICON_NAME = AppIcon;
				ASSETCATALOG_COMPILER_GLOBAL_ACCENT_COLOR_NAME = AccentColor;
				CODE_SIGN_STYLE = Automatic;
				CURRENT_PROJECT_VERSION = 1;
				DEVELOPMENT_TEAM = 4C96B7697Z;
				GENERATE_INFOPLIST_FILE = YES;
				INFOPLIST_FILE = ShoppingList_Bridge2Sharing/Info.plist;
				INFOPLIST_KEY_UIApplicationSupportsIndirectInputEvents = YES;
				INFOPLIST_KEY_UILaunchStoryboardName = LaunchScreen;
				INFOPLIST_KEY_UIMainStoryboardFile = Main;
				INFOPLIST_KEY_UISupportedInterfaceOrientations_iPad = "UIInterfaceOrientationPortrait UIInterfaceOrientationPortraitUpsideDown UIInterfaceOrientationLandscapeLeft UIInterfaceOrientationLandscapeRight";
				INFOPLIST_KEY_UISupportedInterfaceOrientations_iPhone = "UIInterfaceOrientationPortrait UIInterfaceOrientationLandscapeLeft UIInterfaceOrientationLandscapeRight";
				LD_RUNPATH_SEARCH_PATHS = (
					"$(inherited)",
					"@executable_path/Frameworks",
				);
				MARKETING_VERSION = 1.0;
				PRODUCT_BUNDLE_IDENTIFIER = "com.tutorial.ShoppingList-Bridge2Sharing";
				PRODUCT_NAME = "$(TARGET_NAME)";
				SWIFT_EMIT_LOC_STRINGS = YES;
				SWIFT_VERSION = 5.0;
				TARGETED_DEVICE_FAMILY = "1,2";
			};
			name = Release;
		};
/* End XCBuildConfiguration section */

/* Begin XCConfigurationList section */
		149F606E282BF34A0060060F /* Build configuration list for PBXProject "ShoppingList_Bridge2Sharing" */ = {
			isa = XCConfigurationList;
			buildConfigurations = (
				149F6088282BF34C0060060F /* Debug */,
				149F6089282BF34C0060060F /* Release */,
			);
			defaultConfigurationIsVisible = 0;
			defaultConfigurationName = Release;
		};
		149F608A282BF34C0060060F /* Build configuration list for PBXNativeTarget "ShoppingList_Bridge2Sharing" */ = {
			isa = XCConfigurationList;
			buildConfigurations = (
				149F608B282BF34C0060060F /* Debug */,
				149F608C282BF34C0060060F /* Release */,
			);
			defaultConfigurationIsVisible = 0;
			defaultConfigurationName = Release;
		};
/* End XCConfigurationList section */

/* Begin XCVersionGroup section */
		149F607F282BF34A0060060F /* ShoppingList_Bridge2Sharing.xcdatamodeld */ = {
			isa = XCVersionGroup;
			children = (
				149F6080282BF34A0060060F /* ShoppingList_Bridge2Sharing.xcdatamodel */,
			);
			currentVersion = 149F6080282BF34A0060060F /* ShoppingList_Bridge2Sharing.xcdatamodel */;
			path = ShoppingList_Bridge2Sharing.xcdatamodeld;
			sourceTree = "<group>";
			versionGroupType = wrapper.xcdatamodel;
		};
/* End XCVersionGroup section */
	};
	rootObject = 149F606B282BF34A0060060F /* Project object */;
}
